
Microsoft Visual Studio Solution File, Format Version 12.00
# Visual Studio 15
VisualStudioVersion = 15.0.28307.421
MinimumVisualStudioVersion = 10.0.40219.1
Project("{FAE04EC0-301F-11D3-BF4B-00C04F79EFBC}") = "Market", "WindowsFormsApp15\Market.csproj", "{BB643219-F2A5-44AC-A37D-EF099959F692}"
EndProject
Global
	GlobalSection(SolutionConfigurationPlatforms) = preSolution
		Debug|Any CPU = Debug|Any CPU
		Release|Any CPU = Release|Any CPU
	EndGlobalSection
	GlobalSection(ProjectConfigurationPlatforms) = postSolution
		{BB643219-F2A5-44AC-A37D-EF099959F692}.Debug|Any CPU.ActiveCfg = Debug|Any CPU
		{BB643219-F2A5-44AC-A37D-EF099959F692}.Debug|Any CPU.Build.0 = Debug|Any CPU
		{BB643219-F2A5-44AC-A37D-EF099959F692}.Release|Any CPU.ActiveCfg = Release|Any CPU
		{BB643219-F2A5-44AC-A37D-EF099959F692}.Release|Any CPU.Build.0 = Release|Any CPU
	EndGlobalSection
	GlobalSection(SolutionProperties) = preSolution
		HideSolutionNode = FALSE
	EndGlobalSection
	GlobalSection(ExtensibilityGlobals) = postSolution
		SolutionGuid = {5F2768F3-0032-48BE-9DB9-4EF2A52A0024}
	EndGlobalSection
EndGlobal
